
Microsoft Visual Studio Solution File, Format Version 12.00
# Visual Studio Version 17
VisualStudioVersion = 17.11.35222.181
MinimumVisualStudioVersion = 10.0.40219.1
Project("{FAE04EC0-301F-11D3-BF4B-00C04F79EFBC}") = "file_sorting_app", "file_sorting_app.csproj", "{2DB5AE8B-4723-4AE5-BC91-BABB79AD3335}"
EndProject
Global
	GlobalSection(SolutionConfigurationPlatforms) = preSolution
		Debug|Any CPU = Debug|Any CPU
		Release|Any CPU = Release|Any CPU
	EndGlobalSection
	GlobalSection(ProjectConfigurationPlatforms) = postSolution
		{2DB5AE8B-4723-4AE5-BC91-BABB79AD3335}.Debug|Any CPU.ActiveCfg = Debug|Any CPU
		{2DB5AE8B-4723-4AE5-BC91-BABB79AD3335}.Debug|Any CPU.Build.0 = Debug|Any CPU
		{2DB5AE8B-4723-4AE5-BC91-BABB79AD3335}.Release|Any CPU.ActiveCfg = Release|Any CPU
		{2DB5AE8B-4723-4AE5-BC91-BABB79AD3335}.Release|Any CPU.Build.0 = Release|Any CPU
	EndGlobalSection
	GlobalSection(SolutionProperties) = preSolution
		HideSolutionNode = FALSE
	EndGlobalSection
	GlobalSection(ExtensibilityGlobals) = postSolution
		SolutionGuid = {59F5F700-A336-4E55-BC39-3CE738408E77}
	EndGlobalSection
EndGlobal
